PODS:
  - Capacitor (1.0.0):
    - CapacitorCordova (= 1.0.0)
  - CapacitorCordova (1.0.0)
  - CordovaPlugins (1.0.0):
    - CapacitorCordova

DEPENDENCIES:
  - "Capacitor (from `../../node_modules/@capacitor/ios`)"
  - "CapacitorCordova (from `../../node_modules/@capacitor/ios`)"
  - CordovaPlugins (from `../capacitor-cordova-ios-plugins`)

EXTERNAL SOURCES:
  Capacitor:
    :path: "../../node_modules/@capacitor/ios"
  CapacitorCordova:
    :path: "../../node_modules/@capacitor/ios"
  CordovaPlugins:
    :path: "../capacitor-cordova-ios-plugins"

SPEC CHECKSUMS:
  Capacitor: 48e6d22d3d2fe9fd95f6c128136a7b538b7fd50d
  CapacitorCordova: dd5a5a6ca827445b1f97ed0bb9ca4dbf424802c3
  CordovaPlugins: aaa2d0db89502a777b80e4a12e236c8e66e7cd8f

PODFILE CHECKSUM: e57e508ec5349ca6023fde9134b1008ce56a92fa

COCOAPODS: 1.6.2
